
Microsoft Visual Studio Solution File, Format Version 12.00
# Visual Studio 15
VisualStudioVersion = 15.0.28307.705
MinimumVisualStudioVersion = 10.0.40219.1
Project("{FAE04EC0-301F-11D3-BF4B-00C04F79EFBC}") = "Program", "Program\Program.csproj", "{BCC5B215-1A56-43A3-8C1E-63A22C9CCA14}"
EndProject
Project("{FAE04EC0-301F-11D3-BF4B-00C04F79EFBC}") = "Program.Tests", "Program.Tests\Program.Tests.csproj", "{0F775D7F-86CC-4ACE-8AAC-456759B61B13}"
EndProject
Global
	GlobalSection(SolutionConfigurationPlatforms) = preSolution
		Debug|Any CPU = Debug|Any CPU
		Release|Any CPU = Release|Any CPU
	EndGlobalSection
	GlobalSection(ProjectConfigurationPlatforms) = postSolution
		{BCC5B215-1A56-43A3-8C1E-63A22C9CCA14}.Debug|Any CPU.ActiveCfg = Debug|Any CPU
		{BCC5B215-1A56-43A3-8C1E-63A22C9CCA14}.Debug|Any CPU.Build.0 = Debug|Any CPU
		{BCC5B215-1A56-43A3-8C1E-63A22C9CCA14}.Release|Any CPU.ActiveCfg = Release|Any CPU
		{BCC5B215-1A56-43A3-8C1E-63A22C9CCA14}.Release|Any CPU.Build.0 = Release|Any CPU
		{0F775D7F-86CC-4ACE-8AAC-456759B61B13}.Debug|Any CPU.ActiveCfg = Debug|Any CPU
		{0F775D7F-86CC-4ACE-8AAC-456759B61B13}.Debug|Any CPU.Build.0 = Debug|Any CPU
		{0F775D7F-86CC-4ACE-8AAC-456759B61B13}.Release|Any CPU.ActiveCfg = Release|Any CPU
		{0F775D7F-86CC-4ACE-8AAC-456759B61B13}.Release|Any CPU.Build.0 = Release|Any CPU
	EndGlobalSection
	GlobalSection(SolutionProperties) = preSolution
		HideSolutionNode = FALSE
	EndGlobalSection
	GlobalSection(ExtensibilityGlobals) = postSolution
		SolutionGuid = {AA24FBE8-4DCC-4C65-A2F2-ACF6C2ABEC93}
	EndGlobalSection
EndGlobal
